{
  "name": "jb-copy",
  "version": "1.0.0",
  "lockfileVersion": 3,
  "requires": true,
  "packages": {
    "": {
      "name": "jb-copy",
      "version": "1.0.0",
      "license": "ISC",
      "dependencies": {
        "jb-node-lib": "^1.31.0"
      }
    },
    "node_modules/jb-node-lib": {
      "version": "1.31.0",
      "resolved": "https://registry.npmjs.org/jb-node-lib/-/jb-node-lib-1.31.0.tgz",
      "integrity": "sha512-O1DRfajNTnLFHCtJLPsM/o5rx86kKyvrTFaiRFgwhw4eY1e2v0vqhenClhjNa0C32jz+q4RGYAMDiA3O1mXNDA==",
      "license": "ISC"
    }
  }
}
